// !$*UTF8*$!
{
	archiveVersion = 1;
	classes = {
	};
	objectVersion = 46;
	objects = {

/* Begin PBXBuildFile section */
		1A32F66619B2829800287F83 /* FacebookConnection.m in Sources */ = {isa = PBXBuildFile; fileRef = 1A32F66519B2829800287F83 /* FacebookConnection.m */; };
		1A6D9B0719A222BD00B84990 /* Foundation.framework in Frameworks */ = {isa = PBXBuildFile; fileRef = 1A6D9B0619A222BD00B84990 /* Foundation.framework */; };
		1A6D9B0919A222BD00B84990 /* CoreGraphics.framework in Frameworks */ = {isa = PBXBuildFile; fileRef = 1A6D9B0819A222BD00B84990 /* CoreGraphics.framework */; };
		1A6D9B0B19A222BD00B84990 /* UIKit.framework in Frameworks */ = {isa = PBXBuildFile; fileRef = 1A6D9B0A19A222BD00B84990 /* UIKit.framework */; };
		1A6D9B1119A222BD00B84990 /* InfoPlist.strings in Resources */ = {isa = PBXBuildFile; fileRef = 1A6D9B0F19A222BD00B84990 /* InfoPlist.strings */; };
		1A6D9B1319A222BD00B84990 /* main.m in Sources */ = {isa = PBXBuildFile; fileRef = 1A6D9B1219A222BD00B84990 /* main.m */; };
		1A6D9B1719A222BD00B84990 /* AppDelegate.m in Sources */ = {isa = PBXBuildFile; fileRef = 1A6D9B1619A222BD00B84990 /* AppDelegate.m */; };
		1A6D9B1919A222BD00B84990 /* Images.xcassets in Resources */ = {isa = PBXBuildFile; fileRef = 1A6D9B1819A222BD00B84990 /* Images.xcassets */; };
		1A6D9B2019A222BE00B84990 /* XCTest.framework in Frameworks */ = {isa = PBXBuildFile; fileRef = 1A6D9B1F19A222BE00B84990 /* XCTest.framework */; };
		1A6D9B2119A222BE00B84990 /* Foundation.framework in Frameworks */ = {isa = PBXBuildFile; fileRef = 1A6D9B0619A222BD00B84990 /* Foundation.framework */; };
		1A6D9B2219A222BE00B84990 /* UIKit.framework in Frameworks */ = {isa = PBXBuildFile; fileRef = 1A6D9B0A19A222BD00B84990 /* UIKit.framework */; };
		1A6D9B2A19A222BE00B84990 /* InfoPlist.strings in Resources */ = {isa = PBXBuildFile; fileRef = 1A6D9B2819A222BE00B84990 /* InfoPlist.strings */; };
		1A6D9B2C19A222BE00B84990 /* echochamberTests.m in Sources */ = {isa = PBXBuildFile; fileRef = 1A6D9B2B19A222BE00B84990 /* echochamberTests.m */; };
		1A6D9B3619A222FC00B84990 /* FacebookSDK.framework in Frameworks */ = {isa = PBXBuildFile; fileRef = 1A6D9B3519A222FC00B84990 /* FacebookSDK.framework */; };
		1A6D9B3919A2264E00B84990 /* LoginViewController.m in Sources */ = {isa = PBXBuildFile; fileRef = 1A6D9B3819A2264E00B84990 /* LoginViewController.m */; };
		1A6D9B4119A3D26E00B84990 /* MainViewController.m in Sources */ = {isa = PBXBuildFile; fileRef = 1A6D9B3F19A3D26E00B84990 /* MainViewController.m */; };
		1A6D9B4219A3D26E00B84990 /* MainViewController.xib in Resources */ = {isa = PBXBuildFile; fileRef = 1A6D9B4019A3D26E00B84990 /* MainViewController.xib */; };
		1AD5418819A5006C00F6C050 /* AnimatedLoginButton.m in Sources */ = {isa = PBXBuildFile; fileRef = 1AD5418719A5006C00F6C050 /* AnimatedLoginButton.m */; };
		1AE403E219B9ADC100F7459E /* liverpool_fog.jpg in Resources */ = {isa = PBXBuildFile; fileRef = 1AE403E119B9ADC100F7459E /* liverpool_fog.jpg */; };
		1AE403E419BEF00B00F7459E /* liverpool_fog_vblur.jpg in Resources */ = {isa = PBXBuildFile; fileRef = 1AE403E319BEF00B00F7459E /* liverpool_fog_vblur.jpg */; };
		1AE403EA19C0C8E900F7459E /* StoryViewController.m in Sources */ = {isa = PBXBuildFile; fileRef = 1AE403E819C0C8E900F7459E /* StoryViewController.m */; };
		1AE403EB19C0C8E900F7459E /* StoryViewController.xib in Resources */ = {isa = PBXBuildFile; fileRef = 1AE403E919C0C8E900F7459E /* StoryViewController.xib */; };
		1AE403F019C0F5D400F7459E /* PostView.m in Sources */ = {isa = PBXBuildFile; fileRef = 1AE403EF19C0F5D400F7459E /* PostView.m */; };
		1AE403F319CACEDD00F7459E /* BabbleParticipant.m in Sources */ = {isa = PBXBuildFile; fileRef = 1AE403F219CACEDD00F7459E /* BabbleParticipant.m */; };
		8FC578DD8C734FD2B013006B /* libPods-echochamber.a in Frameworks */ = {isa = PBXBuildFile; fileRef = 448DC8CCEF9B41E58A0763C8 /* libPods-echochamber.a */; };
/* End PBXBuildFile section */

/* Begin PBXContainerItemProxy section */
		1A6D9B2319A222BE00B84990 /* PBXContainerItemProxy */ = {
			isa = PBXContainerItemProxy;
			containerPortal = 1A6D9AFB19A222BD00B84990 /* Project object */;
			proxyType = 1;
			remoteGlobalIDString = 1A6D9B0219A222BD00B84990;
			remoteInfo = echochamber;
		};
/* End PBXContainerItemProxy section */

/* Begin PBXFileReference section */
		1A32F66419B2829800287F83 /* FacebookConnection.h */ = {isa = PBXFileReference; fileEncoding = 4; lastKnownFileType = sourcecode.c.h; path = FacebookConnection.h; sourceTree = "<group>"; };
		1A32F66519B2829800287F83 /* FacebookConnection.m */ = {isa = PBXFileReference; fileEncoding = 4; lastKnownFileType = sourcecode.c.objc; path = FacebookConnection.m; sourceTree = "<group>"; };
		1A6D9B0319A222BD00B84990 /* echochamber.app */ = {isa = PBXFileReference; explicitFileType = wrapper.application; includeInIndex = 0; path = echochamber.app; sourceTree = BUILT_PRODUCTS_DIR; };
		1A6D9B0619A222BD00B84990 /* Foundation.framework */ = {isa = PBXFileReference; lastKnownFileType = wrapper.framework; name = Foundation.framework; path = System/Library/Frameworks/Foundation.framework; sourceTree = SDKROOT; };
		1A6D9B0819A222BD00B84990 /* CoreGraphics.framework */ = {isa = PBXFileReference; lastKnownFileType = wrapper.framework; name = CoreGraphics.framework; path = System/Library/Frameworks/CoreGraphics.framework; sourceTree = SDKROOT; };
		1A6D9B0A19A222BD00B84990 /* UIKit.framework */ = {isa = PBXFileReference; lastKnownFileType = wrapper.framework; name = UIKit.framework; path = System/Library/Frameworks/UIKit.framework; sourceTree = SDKROOT; };
		1A6D9B0E19A222BD00B84990 /* echochamber-Info.plist */ = {isa = PBXFileReference; lastKnownFileType = text.plist.xml; path = "echochamber-Info.plist"; sourceTree = "<group>"; };
		1A6D9B1019A222BD00B84990 /* en */ = {isa = PBXFileReference; lastKnownFileType = text.plist.strings; name = en; path = en.lproj/InfoPlist.strings; sourceTree = "<group>"; };
		1A6D9B1219A222BD00B84990 /* main.m */ = {isa = PBXFileReference; lastKnownFileType = sourcecode.c.objc; path = main.m; sourceTree = "<group>"; };
		1A6D9B1419A222BD00B84990 /* echochamber-Prefix.pch */ = {isa = PBXFileReference; lastKnownFileType = sourcecode.c.h; path = "echochamber-Prefix.pch"; sourceTree = "<group>"; };
		1A6D9B1519A222BD00B84990 /* AppDelegate.h */ = {isa = PBXFileReference; lastKnownFileType = sourcecode.c.h; path = AppDelegate.h; sourceTree = "<group>"; };
		1A6D9B1619A222BD00B84990 /* AppDelegate.m */ = {isa = PBXFileReference; lastKnownFileType = sourcecode.c.objc; path = AppDelegate.m; sourceTree = "<group>"; };
		1A6D9B1819A222BD00B84990 /* Images.xcassets */ = {isa = PBXFileReference; lastKnownFileType = folder.assetcatalog; path = Images.xcassets; sourceTree = "<group>"; };
		1A6D9B1E19A222BE00B84990 /* echochamberTests.xctest */ = {isa = PBXFileReference; explicitFileType = wrapper.cfbundle; includeInIndex = 0; path = echochamberTests.xctest; sourceTree = BUILT_PRODUCTS_DIR; };
		1A6D9B1F19A222BE00B84990 /* XCTest.framework */ = {isa = PBXFileReference; lastKnownFileType = wrapper.framework; name = XCTest.framework; path = Library/Frameworks/XCTest.framework; sourceTree = DEVELOPER_DIR; };
		1A6D9B2719A222BE00B84990 /* echochamberTests-Info.plist */ = {isa = PBXFileReference; lastKnownFileType = text.plist.xml; path = "echochamberTests-Info.plist"; sourceTree = "<group>"; };
		1A6D9B2919A222BE00B84990 /* en */ = {isa = PBXFileReference; lastKnownFileType = text.plist.strings; name = en; path = en.lproj/InfoPlist.strings; sourceTree = "<group>"; };
		1A6D9B2B19A222BE00B84990 /* echochamberTests.m */ = {isa = PBXFileReference; lastKnownFileType = sourcecode.c.objc; path = echochamberTests.m; sourceTree = "<group>"; };
		1A6D9B3519A222FC00B84990 /* FacebookSDK.framework */ = {isa = PBXFileReference; lastKnownFileType = wrapper.framework; name = FacebookSDK.framework; path = ../../Documents/FacebookSDK/FacebookSDK.framework; sourceTree = "<group>"; };
		1A6D9B3719A2264E00B84990 /* LoginViewController.h */ = {isa = PBXFileReference; fileEncoding = 4; lastKnownFileType = sourcecode.c.h; path = LoginViewController.h; sourceTree = "<group>"; };
		1A6D9B3819A2264E00B84990 /* LoginViewController.m */ = {isa = PBXFileReference; fileEncoding = 4; lastKnownFileType = sourcecode.c.objc; path = LoginViewController.m; sourceTree = "<group>"; };
		1A6D9B3E19A3D26E00B84990 /* MainViewController.h */ = {isa = PBXFileReference; fileEncoding = 4; lastKnownFileType = sourcecode.c.h; path = MainViewController.h; sourceTree = "<group>"; };
		1A6D9B3F19A3D26E00B84990 /* MainViewController.m */ = {isa = PBXFileReference; fileEncoding = 4; lastKnownFileType = sourcecode.c.objc; path = MainViewController.m; sourceTree = "<group>"; };
		1A6D9B4019A3D26E00B84990 /* MainViewController.xib */ = {isa = PBXFileReference; fileEncoding = 4; lastKnownFileType = file.xib; path = MainViewController.xib; sourceTree = "<group>"; };
		1AD5418619A5006C00F6C050 /* AnimatedLoginButton.h */ = {isa = PBXFileReference; fileEncoding = 4; lastKnownFileType = sourcecode.c.h; path = AnimatedLoginButton.h; sourceTree = "<group>"; };
		1AD5418719A5006C00F6C050 /* AnimatedLoginButton.m */ = {isa = PBXFileReference; fileEncoding = 4; lastKnownFileType = sourcecode.c.objc; path = AnimatedLoginButton.m; sourceTree = "<group>"; };
		1AE403E119B9ADC100F7459E /* liverpool_fog.jpg */ = {isa = PBXFileReference; lastKnownFileType = image.jpeg; path = liverpool_fog.jpg; sourceTree = "<group>"; };
		1AE403E319BEF00B00F7459E /* liverpool_fog_vblur.jpg */ = {isa = PBXFileReference; lastKnownFileType = image.jpeg; path = liverpool_fog_vblur.jpg; sourceTree = "<group>"; };
		1AE403E719C0C8E900F7459E /* StoryViewController.h */ = {isa = PBXFileReference; fileEncoding = 4; lastKnownFileType = sourcecode.c.h; path = StoryViewController.h; sourceTree = "<group>"; };
		1AE403E819C0C8E900F7459E /* StoryViewController.m */ = {isa = PBXFileReference; fileEncoding = 4; lastKnownFileType = sourcecode.c.objc; path = StoryViewController.m; sourceTree = "<group>"; };
		1AE403E919C0C8E900F7459E /* StoryViewController.xib */ = {isa = PBXFileReference; fileEncoding = 4; lastKnownFileType = file.xib; path = StoryViewController.xib; sourceTree = "<group>"; };
		1AE403EE19C0F5D400F7459E /* PostView.h */ = {isa = PBXFileReference; fileEncoding = 4; lastKnownFileType = sourcecode.c.h; path = PostView.h; sourceTree = "<group>"; };
		1AE403EF19C0F5D400F7459E /* PostView.m */ = {isa = PBXFileReference; fileEncoding = 4; lastKnownFileType = sourcecode.c.objc; path = PostView.m; sourceTree = "<group>"; };
		1AE403F119CACEDD00F7459E /* BabbleParticipant.h */ = {isa = PBXFileReference; fileEncoding = 4; lastKnownFileType = sourcecode.c.h; path = BabbleParticipant.h; sourceTree = "<group>"; };
		1AE403F219CACEDD00F7459E /* BabbleParticipant.m */ = {isa = PBXFileReference; fileEncoding = 4; lastKnownFileType = sourcecode.c.objc; path = BabbleParticipant.m; sourceTree = "<group>"; };
		3087F1675C514E52BDE15F47 /* Pods-echochamber.xcconfig */ = {isa = PBXFileReference; includeInIndex = 1; lastKnownFileType = text.xcconfig; name = "Pods-echochamber.xcconfig"; path = "Pods/Pods-echochamber.xcconfig"; sourceTree = "<group>"; };
		448DC8CCEF9B41E58A0763C8 /* libPods-echochamber.a */ = {isa = PBXFileReference; explicitFileType = archive.ar; includeInIndex = 0; path = "libPods-echochamber.a"; sourceTree = BUILT_PRODUCTS_DIR; };
/* End PBXFileReference section */

/* Begin PBXFrameworksBuildPhase section */
		1A6D9B0019A222BD00B84990 /* Frameworks */ = {
			isa = PBXFrameworksBuildPhase;
			buildActionMask = 2147483647;
			files = (
				1A6D9B0919A222BD00B84990 /* CoreGraphics.framework in Frameworks */,
				1A6D9B3619A222FC00B84990 /* FacebookSDK.framework in Frameworks */,
				1A6D9B0B19A222BD00B84990 /* UIKit.framework in Frameworks */,
				1A6D9B0719A222BD00B84990 /* Foundation.framework in Frameworks */,
				8FC578DD8C734FD2B013006B /* libPods-echochamber.a in Frameworks */,
			);
			runOnlyForDeploymentPostprocessing = 0;
		};
		1A6D9B1B19A222BE00B84990 /* Frameworks */ = {
			isa = PBXFrameworksBuildPhase;
			buildActionMask = 2147483647;
			files = (
				1A6D9B2019A222BE00B84990 /* XCTest.framework in Frameworks */,
				1A6D9B2219A222BE00B84990 /* UIKit.framework in Frameworks */,
				1A6D9B2119A222BE00B84990 /* Foundation.framework in Frameworks */,
			);
			runOnlyForDeploymentPostprocessing = 0;
		};
/* End PBXFrameworksBuildPhase section */

/* Begin PBXGroup section */
		1A6D9AFA19A222BD00B84990 = {
			isa = PBXGroup;
			children = (
				1A6D9B0C19A222BD00B84990 /* echochamber */,
				1A6D9B2519A222BE00B84990 /* echochamberTests */,
				1A6D9B0519A222BD00B84990 /* Frameworks */,
				1A6D9B0419A222BD00B84990 /* Products */,
				3087F1675C514E52BDE15F47 /* Pods-echochamber.xcconfig */,
			);
			sourceTree = "<group>";
		};
		1A6D9B0419A222BD00B84990 /* Products */ = {
			isa = PBXGroup;
			children = (
				1A6D9B0319A222BD00B84990 /* echochamber.app */,
				1A6D9B1E19A222BE00B84990 /* echochamberTests.xctest */,
			);
			name = Products;
			sourceTree = "<group>";
		};
		1A6D9B0519A222BD00B84990 /* Frameworks */ = {
			isa = PBXGroup;
			children = (
				1A6D9B3519A222FC00B84990 /* FacebookSDK.framework */,
				1A6D9B0619A222BD00B84990 /* Foundation.framework */,
				1A6D9B0819A222BD00B84990 /* CoreGraphics.framework */,
				1A6D9B0A19A222BD00B84990 /* UIKit.framework */,
				1A6D9B1F19A222BE00B84990 /* XCTest.framework */,
				448DC8CCEF9B41E58A0763C8 /* libPods-echochamber.a */,
			);
			name = Frameworks;
			sourceTree = "<group>";
		};
		1A6D9B0C19A222BD00B84990 /* echochamber */ = {
			isa = PBXGroup;
			children = (
				1AE403E319BEF00B00F7459E /* liverpool_fog_vblur.jpg */,
				1AE403E119B9ADC100F7459E /* liverpool_fog.jpg */,
				1A6D9B1519A222BD00B84990 /* AppDelegate.h */,
				1A6D9B1619A222BD00B84990 /* AppDelegate.m */,
				1A32F66419B2829800287F83 /* FacebookConnection.h */,
				1A32F66519B2829800287F83 /* FacebookConnection.m */,
				1A6D9B1819A222BD00B84990 /* Images.xcassets */,
				1A6D9B0D19A222BD00B84990 /* Supporting Files */,
				1A6D9B3719A2264E00B84990 /* LoginViewController.h */,
				1A6D9B3819A2264E00B84990 /* LoginViewController.m */,
				1A6D9B3E19A3D26E00B84990 /* MainViewController.h */,
				1A6D9B3F19A3D26E00B84990 /* MainViewController.m */,
				1A6D9B4019A3D26E00B84990 /* MainViewController.xib */,
				1AD5418619A5006C00F6C050 /* AnimatedLoginButton.h */,
				1AD5418719A5006C00F6C050 /* AnimatedLoginButton.m */,
				1AE403E719C0C8E900F7459E /* StoryViewController.h */,
				1AE403E819C0C8E900F7459E /* StoryViewController.m */,
				1AE403E919C0C8E900F7459E /* StoryViewController.xib */,
				1AE403EE19C0F5D400F7459E /* PostView.h */,
				1AE403EF19C0F5D400F7459E /* PostView.m */,
				1AE403F119CACEDD00F7459E /* BabbleParticipant.h */,
				1AE403F219CACEDD00F7459E /* BabbleParticipant.m */,
			);
			path = echochamber;
			sourceTree = "<group>";
		};
		1A6D9B0D19A222BD00B84990 /* Supporting Files */ = {
			isa = PBXGroup;
			children = (
				1A6D9B0E19A222BD00B84990 /* echochamber-Info.plist */,
				1A6D9B0F19A222BD00B84990 /* InfoPlist.strings */,
				1A6D9B1219A222BD00B84990 /* main.m */,
				1A6D9B1419A222BD00B84990 /* echochamber-Prefix.pch */,
			);
			name = "Supporting Files";
			sourceTree = "<group>";
		};
		1A6D9B2519A222BE00B84990 /* echochamberTests */ = {
			isa = PBXGroup;
			children = (
				1A6D9B2B19A222BE00B84990 /* echochamberTests.m */,
				1A6D9B2619A222BE00B84990 /* Supporting Files */,
			);
			path = echochamberTests;
			sourceTree = "<group>";
		};
		1A6D9B2619A222BE00B84990 /* Supporting Files */ = {
			isa = PBXGroup;
			children = (
				1A6D9B2719A222BE00B84990 /* echochamberTests-Info.plist */,
				1A6D9B2819A222BE00B84990 /* InfoPlist.strings */,
			);
			name = "Supporting Files";
			sourceTree = "<group>";
		};
/* End PBXGroup section */

/* Begin PBXNativeTarget section */
		1A6D9B0219A222BD00B84990 /* echochamber */ = {
			isa = PBXNativeTarget;
			buildConfigurationList = 1A6D9B2F19A222BE00B84990 /* Build configuration list for PBXNativeTarget "echochamber" */;
			buildPhases = (
				0F45E406998A4811A7FC40C2 /* Check Pods Manifest.lock */,
				1A6D9AFF19A222BD00B84990 /* Sources */,
				1A6D9B0019A222BD00B84990 /* Frameworks */,
				1A6D9B0119A222BD00B84990 /* Resources */,
				73DF96B42DF540EE9EBED89B /* Copy Pods Resources */,
			);
			buildRules = (
			);
			dependencies = (
			);
			name = echochamber;
			productName = echochamber;
			productReference = 1A6D9B0319A222BD00B84990 /* echochamber.app */;
			productType = "com.apple.product-type.application";
		};
		1A6D9B1D19A222BE00B84990 /* echochamberTests */ = {
			isa = PBXNativeTarget;
			buildConfigurationList = 1A6D9B3219A222BE00B84990 /* Build configuration list for PBXNativeTarget "echochamberTests" */;
			buildPhases = (
				1A6D9B1A19A222BE00B84990 /* Sources */,
				1A6D9B1B19A222BE00B84990 /* Frameworks */,
				1A6D9B1C19A222BE00B84990 /* Resources */,
			);
			buildRules = (
			);
			dependencies = (
				1A6D9B2419A222BE00B84990 /* PBXTargetDependency */,
			);
			name = echochamberTests;
			productName = echochamberTests;
			productReference = 1A6D9B1E19A222BE00B84990 /* echochamberTests.xctest */;
			productType = "com.apple.product-type.bundle.unit-test";
		};
/* End PBXNativeTarget section */

/* Begin PBXProject section */
		1A6D9AFB19A222BD00B84990 /* Project object */ = {
			isa = PBXProject;
			attributes = {
				LastUpgradeCheck = 0510;
				ORGANIZATIONNAME = "James O'Brien";
				TargetAttributes = {
					1A6D9B1D19A222BE00B84990 = {
						TestTargetID = 1A6D9B0219A222BD00B84990;
					};
				};
			};
			buildConfigurationList = 1A6D9AFE19A222BD00B84990 /* Build configuration list for PBXProject "echochamber" */;
			compatibilityVersion = "Xcode 3.2";
			developmentRegion = English;
			hasScannedForEncodings = 0;
			knownRegions = (
				en,
			);
			mainGroup = 1A6D9AFA19A222BD00B84990;
			productRefGroup = 1A6D9B0419A222BD00B84990 /* Products */;
			projectDirPath = "";
			projectRoot = "";
			targets = (
				1A6D9B0219A222BD00B84990 /* echochamber */,
				1A6D9B1D19A222BE00B84990 /* echochamberTests */,
			);
		};
/* End PBXProject section */

/* Begin PBXResourcesBuildPhase section */
		1A6D9B0119A222BD00B84990 /* Resources */ = {
			isa = PBXResourcesBuildPhase;
			buildActionMask = 2147483647;
			files = (
				1A6D9B1119A222BD00B84990 /* InfoPlist.strings in Resources */,
				1AE403E419BEF00B00F7459E /* liverpool_fog_vblur.jpg in Resources */,
				1AE403EB19C0C8E900F7459E /* StoryViewController.xib in Resources */,
				1A6D9B4219A3D26E00B84990 /* MainViewController.xib in Resources */,
				1A6D9B1919A222BD00B84990 /* Images.xcassets in Resources */,
				1AE403E219B9ADC100F7459E /* liverpool_fog.jpg in Resources */,
			);
			runOnlyForDeploymentPostprocessing = 0;
		};
		1A6D9B1C19A222BE00B84990 /* Resources */ = {
			isa = PBXResourcesBuildPhase;
			buildActionMask = 2147483647;
			files = (
				1A6D9B2A19A222BE00B84990 /* InfoPlist.strings in Resources */,
			);
			runOnlyForDeploymentPostprocessing = 0;
		};
/* End PBXResourcesBuildPhase section */

/* Begin PBXShellScriptBuildPhase section */
		0F45E406998A4811A7FC40C2 /* Check Pods Manifest.lock */ = {
			isa = PBXShellScriptBuildPhase;
			buildActionMask = 2147483647;
			files = (
			);
			inputPaths = (
			);
			name = "Check Pods Manifest.lock";
			outputPaths = (
			);
			runOnlyForDeploymentPostprocessing = 0;
			shellPath = /bin/sh;
			shellScript = "diff \"${PODS_ROOT}/../Podfile.lock\" \"${PODS_ROOT}/Manifest.lock\" > /dev/null\nif [[ $? != 0 ]] ; then\n    cat << EOM\nerror: The sandbox is not in sync with the Podfile.lock. Run 'pod install' or update your CocoaPods installation.\nEOM\n    exit 1\nfi\n";
			showEnvVarsInLog = 0;
		};
		73DF96B42DF540EE9EBED89B /* Copy Pods Resources */ = {
			isa = PBXShellScriptBuildPhase;
			buildActionMask = 2147483647;
			files = (
			);
			inputPaths = (
			);
			name = "Copy Pods Resources";
			outputPaths = (
			);
			runOnlyForDeploymentPostprocessing = 0;
			shellPath = /bin/sh;
			shellScript = "\"${SRCROOT}/Pods/Pods-echochamber-resources.sh\"\n";
			showEnvVarsInLog = 0;
		};
/* End PBXShellScriptBuildPhase section */

/* Begin PBXSourcesBuildPhase section */
		1A6D9AFF19A222BD00B84990 /* Sources */ = {
			isa = PBXSourcesBuildPhase;
			buildActionMask = 2147483647;
			files = (
				1A6D9B1719A222BD00B84990 /* AppDelegate.m in Sources */,
				1AE403EA19C0C8E900F7459E /* StoryViewController.m in Sources */,
				1AD5418819A5006C00F6C050 /* AnimatedLoginButton.m in Sources */,
				1A6D9B1319A222BD00B84990 /* main.m in Sources */,
				1A6D9B3919A2264E00B84990 /* LoginViewController.m in Sources */,
				1A6D9B4119A3D26E00B84990 /* MainViewController.m in Sources */,
				1AE403F019C0F5D400F7459E /* PostView.m in Sources */,
				1AE403F319CACEDD00F7459E /* BabbleParticipant.m in Sources */,
				1A32F66619B2829800287F83 /* FacebookConnection.m in Sources */,
			);
			runOnlyForDeploymentPostprocessing = 0;
		};
		1A6D9B1A19A222BE00B84990 /* Sources */ = {
			isa = PBXSourcesBuildPhase;
			buildActionMask = 2147483647;
			files = (
				1A6D9B2C19A222BE00B84990 /* echochamberTests.m in Sources */,
			);
			runOnlyForDeploymentPostprocessing = 0;
		};
/* End PBXSourcesBuildPhase section */

/* Begin PBXTargetDependency section */
		1A6D9B2419A222BE00B84990 /* PBXTargetDependency */ = {
			isa = PBXTargetDependency;
			target = 1A6D9B0219A222BD00B84990 /* echochamber */;
			targetProxy = 1A6D9B2319A222BE00B84990 /* PBXContainerItemProxy */;
		};
/* End PBXTargetDependency section */

/* Begin PBXVariantGroup section */
		1A6D9B0F19A222BD00B84990 /* InfoPlist.strings */ = {
			isa = PBXVariantGroup;
			children = (
				1A6D9B1019A222BD00B84990 /* en */,
			);
			name = InfoPlist.strings;
			sourceTree = "<group>";
		};
		1A6D9B2819A222BE00B84990 /* InfoPlist.strings */ = {
			isa = PBXVariantGroup;
			children = (
				1A6D9B2919A222BE00B84990 /* en */,
			);
			name = InfoPlist.strings;
			sourceTree = "<group>";
		};
/* End PBXVariantGroup section */

/* Begin XCBuildConfiguration section */
		1A6D9B2D19A222BE00B84990 /* Debug */ = {
			isa = XCBuildConfiguration;
			buildSettings = {
				ALWAYS_SEARCH_USER_PATHS = NO;
				CLANG_CXX_LANGUAGE_STANDARD = "gnu++0x";
				CLANG_CXX_LIBRARY = "libc++";
				CLANG_ENABLE_MODULES = YES;
				CLANG_ENABLE_OBJC_ARC = YES;
				CLANG_WARN_BOOL_CONVERSION = YES;
				CLANG_WARN_CONSTANT_CONVERSION = YES;
				CLANG_WARN_DIRECT_OBJC_ISA_USAGE = YES_ERROR;
				CLANG_WARN_EMPTY_BODY = YES;
				CLANG_WARN_ENUM_CONVERSION = YES;
				CLANG_WARN_INT_CONVERSION = YES;
				CLANG_WARN_OBJC_ROOT_CLASS = YES_ERROR;
				CLANG_WARN__DUPLICATE_METHOD_MATCH = YES;
				"CODE_SIGN_IDENTITY[sdk=iphoneos*]" = "iPhone Developer";
				COPY_PHASE_STRIP = NO;
				GCC_C_LANGUAGE_STANDARD = gnu99;
				GCC_DYNAMIC_NO_PIC = NO;
				GCC_OPTIMIZATION_LEVEL = 0;
				GCC_PREPROCESSOR_DEFINITIONS = (
					"DEBUG=1",
					"$(inherited)",
				);
				GCC_SYMBOLS_PRIVATE_EXTERN = NO;
				GCC_WARN_64_TO_32_BIT_CONVERSION = YES;
				GCC_WARN_ABOUT_RETURN_TYPE = YES_ERROR;
				GCC_WARN_UNDECLARED_SELECTOR = YES;
				GCC_WARN_UNINITIALIZED_AUTOS = YES_AGGRESSIVE;
				GCC_WARN_UNUSED_FUNCTION = YES;
				GCC_WARN_UNUSED_VARIABLE = YES;
				IPHONEOS_DEPLOYMENT_TARGET = 7.1;
				ONLY_ACTIVE_ARCH = YES;
				SDKROOT = iphoneos;
				TARGETED_DEVICE_FAMILY = "1,2";
			};
			name = Debug;
		};
		1A6D9B2E19A222BE00B84990 /* Release */ = {
			isa = XCBuildConfiguration;
			buildSettings = {
				ALWAYS_SEARCH_USER_PATHS = NO;
				CLANG_CXX_LANGUAGE_STANDARD = "gnu++0x";
				CLANG_CXX_LIBRARY = "libc++";
				CLANG_ENABLE_MODULES = YES;
				CLANG_ENABLE_OBJC_ARC = YES;
				CLANG_WARN_BOOL_CONVERSION = YES;
				CLANG_WARN_CONSTANT_CONVERSION = YES;
				CLANG_WARN_DIRECT_OBJC_ISA_USAGE = YES_ERROR;
				CLANG_WARN_EMPTY_BODY = YES;
				CLANG_WARN_ENUM_CONVERSION = YES;
				CLANG_WARN_INT_CONVERSION = YES;
				CLANG_WARN_OBJC_ROOT_CLASS = YES_ERROR;
				CLANG_WARN__DUPLICATE_METHOD_MATCH = YES;
				"CODE_SIGN_IDENTITY[sdk=iphoneos*]" = "iPhone Developer";
				COPY_PHASE_STRIP = YES;
				ENABLE_NS_ASSERTIONS = NO;
				GCC_C_LANGUAGE_STANDARD = gnu99;
				GCC_WARN_64_TO_32_BIT_CONVERSION = YES;
				GCC_WARN_ABOUT_RETURN_TYPE = YES_ERROR;
				GCC_WARN_UNDECLARED_SELECTOR = YES;
				GCC_WARN_UNINITIALIZED_AUTOS = YES_AGGRESSIVE;
				GCC_WARN_UNUSED_FUNCTION = YES;
				GCC_WARN_UNUSED_VARIABLE = YES;
				IPHONEOS_DEPLOYMENT_TARGET = 7.1;
				SDKROOT = iphoneos;
				TARGETED_DEVICE_FAMILY = "1,2";
				VALIDATE_PRODUCT = YES;
			};
			name = Release;
		};
		1A6D9B3019A222BE00B84990 /* Debug */ = {
			isa = XCBuildConfiguration;
			baseConfigurationReference = 3087F1675C514E52BDE15F47 /* Pods-echochamber.xcconfig */;
			buildSettings = {
				ASSETCATALOG_COMPILER_APPICON_NAME = AppIcon;
				ASSETCATALOG_COMPILER_LAUNCHIMAGE_NAME = LaunchImage;
				FRAMEWORK_SEARCH_PATHS = (
					"$(inherited)",
					/Users/james/Documents/FacebookSDK,
				);
				GCC_PRECOMPILE_PREFIX_HEADER = YES;
				GCC_PREFIX_HEADER = "echochamber/echochamber-Prefix.pch";
				INFOPLIST_FILE = "echochamber/echochamber-Info.plist";
				IPHONEOS_DEPLOYMENT_TARGET = 8.1;
				PRODUCT_NAME = "$(TARGET_NAME)";
				TARGETED_DEVICE_FAMILY = 1;
				WRAPPER_EXTENSION = app;
			};
			name = Debug;
		};
		1A6D9B3119A222BE00B84990 /* Release */ = {
			isa = XCBuildConfiguration;
			baseConfigurationReference = 3087F1675C514E52BDE15F47 /* Pods-echochamber.xcconfig */;
			buildSettings = {
				ASSETCATALOG_COMPILER_APPICON_NAME = AppIcon;
				ASSETCATALOG_COMPILER_LAUNCHIMAGE_NAME = LaunchImage;
				FRAMEWORK_SEARCH_PATHS = (
					"$(inherited)",
					/Users/james/Documents/FacebookSDK,
				);
				GCC_PRECOMPILE_PREFIX_HEADER = YES;
				GCC_PREFIX_HEADER = "echochamber/echochamber-Prefix.pch";
				INFOPLIST_FILE = "echochamber/echochamber-Info.plist";
				IPHONEOS_DEPLOYMENT_TARGET = 8.1;
				PRODUCT_NAME = "$(TARGET_NAME)";
				TARGETED_DEVICE_FAMILY = 1;
				WRAPPER_EXTENSION = app;
			};
			name = Release;
		};
		1A6D9B3319A222BE00B84990 /* Debug */ = {
			isa = XCBuildConfiguration;
			buildSettings = {
				BUNDLE_LOADER = "$(BUILT_PRODUCTS_DIR)/echochamber.app/echochamber";
				FRAMEWORK_SEARCH_PATHS = (
					"$(SDKROOT)/Developer/Library/Frameworks",
					"$(inherited)",
					"$(DEVELOPER_FRAMEWORKS_DIR)",
				);
				GCC_PRECOMPILE_PREFIX_HEADER = YES;
				GCC_PREFIX_HEADER = "echochamber/echochamber-Prefix.pch";
				GCC_PREPROCESSOR_DEFINITIONS = (
					"DEBUG=1",
					"$(inherited)",
				);
				INFOPLIST_FILE = "echochamberTests/echochamberTests-Info.plist";
				PRODUCT_NAME = "$(TARGET_NAME)";
				TEST_HOST = "$(BUNDLE_LOADER)";
				WRAPPER_EXTENSION = xctest;
			};
			name = Debug;
		};
		1A6D9B3419A222BE00B84990 /* Release */ = {
			isa = XCBuildConfiguration;
			buildSettings = {
				BUNDLE_LOADER = "$(BUILT_PRODUCTS_DIR)/echochamber.app/echochamber";
				FRAMEWORK_SEARCH_PATHS = (
					"$(SDKROOT)/Developer/Library/Frameworks",
					"$(inherited)",
					"$(DEVELOPER_FRAMEWORKS_DIR)",
				);
				GCC_PRECOMPILE_PREFIX_HEADER = YES;
				GCC_PREFIX_HEADER = "echochamber/echochamber-Prefix.pch";
				INFOPLIST_FILE = "echochamberTests/echochamberTests-Info.plist";
				PRODUCT_NAME = "$(TARGET_NAME)";
				TEST_HOST = "$(BUNDLE_LOADER)";
				WRAPPER_EXTENSION = xctest;
			};
			name = Release;
		};
/* End XCBuildConfiguration section */

/* Begin XCConfigurationList section */
		1A6D9AFE19A222BD00B84990 /* Build configuration list for PBXProject "echochamber" */ = {
			isa = XCConfigurationList;
			buildConfigurations = (
				1A6D9B2D19A222BE00B84990 /* Debug */,
				1A6D9B2E19A222BE00B84990 /* Release */,
			);
			defaultConfigurationIsVisible = 0;
			defaultConfigurationName = Release;
		};
		1A6D9B2F19A222BE00B84990 /* Build configuration list for PBXNativeTarget "echochamber" */ = {
			isa = XCConfigurationList;
			buildConfigurations = (
				1A6D9B3019A222BE00B84990 /* Debug */,
				1A6D9B3119A222BE00B84990 /* Release */,
			);
			defaultConfigurationIsVisible = 0;
			defaultConfigurationName = Release;
		};
		1A6D9B3219A222BE00B84990 /* Build configuration list for PBXNativeTarget "echochamberTests" */ = {
			isa = XCConfigurationList;
			buildConfigurations = (
				1A6D9B3319A222BE00B84990 /* Debug */,
				1A6D9B3419A222BE00B84990 /* Release */,
			);
			defaultConfigurationIsVisible = 0;
			defaultConfigurationName = Release;
		};
/* End XCConfigurationList section */
	};
	rootObject = 1A6D9AFB19A222BD00B84990 /* Project object */;
}
